
Microsoft Visual Studio Solution File, Format Version 12.00
# Visual Studio Version 16
VisualStudioVersion = 16.0.31313.79
MinimumVisualStudioVersion = 10.0.40219.1
Project("{FAE04EC0-301F-11D3-BF4B-00C04F79EFBC}") = "Introducao", "Introducao\Introducao.csproj", "{895EE4CA-FC3E-41FE-BFC2-08658FF01AA5}"
EndProject
Global
	GlobalSection(SolutionConfigurationPlatforms) = preSolution
		Debug|Any CPU = Debug|Any CPU
		Release|Any CPU = Release|Any CPU
	EndGlobalSection
	GlobalSection(ProjectConfigurationPlatforms) = postSolution
		{895EE4CA-FC3E-41FE-BFC2-08658FF01AA5}.Debug|Any CPU.ActiveCfg = Debug|Any CPU
		{895EE4CA-FC3E-41FE-BFC2-08658FF01AA5}.Debug|Any CPU.Build.0 = Debug|Any CPU
		{895EE4CA-FC3E-41FE-BFC2-08658FF01AA5}.Release|Any CPU.ActiveCfg = Release|Any CPU
		{895EE4CA-FC3E-41FE-BFC2-08658FF01AA5}.Release|Any CPU.Build.0 = Release|Any CPU
	EndGlobalSection
	GlobalSection(SolutionProperties) = preSolution
		HideSolutionNode = FALSE
	EndGlobalSection
	GlobalSection(ExtensibilityGlobals) = postSolution
		SolutionGuid = {8A358641-7AA8-4692-976A-EB72FB37B895}
	EndGlobalSection
EndGlobal
